
Microsoft Visual Studio Solution File, Format Version 12.00
# Visual Studio 14
VisualStudioVersion = 14.0.24720.0
MinimumVisualStudioVersion = 10.0.40219.1
Project("{FAE04EC0-301F-11D3-BF4B-00C04F79EFBC}") = "Essai_SignalRTesting", "Essai_SignalRTesting\Essai_SignalRTesting.csproj", "{2BACF6EB-5D89-4932-90C3-A07D54BD181D}"
EndProject
Project("{FAE04EC0-301F-11D3-BF4B-00C04F79EFBC}") = "UnitTestProject", "UnitTestProject\UnitTestProject.csproj", "{00188E31-EE4F-4E43-B580-EC2D10DE3AE5}"
EndProject
Global
	GlobalSection(SolutionConfigurationPlatforms) = preSolution
		Debug|Any CPU = Debug|Any CPU
		Release|Any CPU = Release|Any CPU
	EndGlobalSection
	GlobalSection(ProjectConfigurationPlatforms) = postSolution
		{2BACF6EB-5D89-4932-90C3-A07D54BD181D}.Debug|Any CPU.ActiveCfg = Debug|Any CPU
		{2BACF6EB-5D89-4932-90C3-A07D54BD181D}.Debug|Any CPU.Build.0 = Debug|Any CPU
		{2BACF6EB-5D89-4932-90C3-A07D54BD181D}.Release|Any CPU.ActiveCfg = Release|Any CPU
		{2BACF6EB-5D89-4932-90C3-A07D54BD181D}.Release|Any CPU.Build.0 = Release|Any CPU
		{00188E31-EE4F-4E43-B580-EC2D10DE3AE5}.Debug|Any CPU.ActiveCfg = Debug|Any CPU
		{00188E31-EE4F-4E43-B580-EC2D10DE3AE5}.Debug|Any CPU.Build.0 = Debug|Any CPU
		{00188E31-EE4F-4E43-B580-EC2D10DE3AE5}.Release|Any CPU.ActiveCfg = Release|Any CPU
		{00188E31-EE4F-4E43-B580-EC2D10DE3AE5}.Release|Any CPU.Build.0 = Release|Any CPU
	EndGlobalSection
	GlobalSection(SolutionProperties) = preSolution
		HideSolutionNode = FALSE
	EndGlobalSection
EndGlobal
